
Microsoft Visual Studio Solution File, Format Version 12.00
# Visual Studio Version 17
VisualStudioVersion = 17.8.34330.188
MinimumVisualStudioVersion = 10.0.40219.1
Project("{FAE04EC0-301F-11D3-BF4B-00C04F79EFBC}") = "ChitAPI", "ChitAPI\ChitAPI.csproj", "{7C3B1B4B-2345-4958-B0BB-98FF1C939AE7}"
EndProject
Global
	GlobalSection(SolutionConfigurationPlatforms) = preSolution
		Debug|Any CPU = Debug|Any CPU
		Release|Any CPU = Release|Any CPU
	EndGlobalSection
	GlobalSection(ProjectConfigurationPlatforms) = postSolution
		{7C3B1B4B-2345-4958-B0BB-98FF1C939AE7}.Debug|Any CPU.ActiveCfg = Debug|Any CPU
		{7C3B1B4B-2345-4958-B0BB-98FF1C939AE7}.Debug|Any CPU.Build.0 = Debug|Any CPU
		{7C3B1B4B-2345-4958-B0BB-98FF1C939AE7}.Release|Any CPU.ActiveCfg = Release|Any CPU
		{7C3B1B4B-2345-4958-B0BB-98FF1C939AE7}.Release|Any CPU.Build.0 = Release|Any CPU
	EndGlobalSection
	GlobalSection(SolutionProperties) = preSolution
		HideSolutionNode = FALSE
	EndGlobalSection
	GlobalSection(ExtensibilityGlobals) = postSolution
		SolutionGuid = {0ACF1C47-BB8D-45AB-8FB7-09EDE495EAD2}
	EndGlobalSection
EndGlobal
